
Microsoft Visual Studio Solution File, Format Version 12.00
# Visual Studio Version 17
VisualStudioVersion = 17.6.33829.357
MinimumVisualStudioVersion = 10.0.40219.1
Project("{9A19103F-16F7-4668-BE54-9A1E7A4F7556}") = "montaspro.nicolo.4i.rubricaWebDb", "montaspro.nicolo.4i.rubricaWebDb.csproj", "{532F2533-8253-4B90-8E9B-84E6E8F0CA2C}"
EndProject
Global
	GlobalSection(SolutionConfigurationPlatforms) = preSolution
		Debug|Any CPU = Debug|Any CPU
		Release|Any CPU = Release|Any CPU
	EndGlobalSection
	GlobalSection(ProjectConfigurationPlatforms) = postSolution
		{532F2533-8253-4B90-8E9B-84E6E8F0CA2C}.Debug|Any CPU.ActiveCfg = Debug|Any CPU
		{532F2533-8253-4B90-8E9B-84E6E8F0CA2C}.Debug|Any CPU.Build.0 = Debug|Any CPU
		{532F2533-8253-4B90-8E9B-84E6E8F0CA2C}.Release|Any CPU.ActiveCfg = Release|Any CPU
		{532F2533-8253-4B90-8E9B-84E6E8F0CA2C}.Release|Any CPU.Build.0 = Release|Any CPU
	EndGlobalSection
	GlobalSection(SolutionProperties) = preSolution
		HideSolutionNode = FALSE
	EndGlobalSection
	GlobalSection(ExtensibilityGlobals) = postSolution
		SolutionGuid = {D8CF1DEB-F8A9-476D-B027-332ED0F8FF0A}
	EndGlobalSection
EndGlobal
